
Microsoft Visual Studio Solution File, Format Version 12.00
# Visual Studio Version 16
VisualStudioVersion = 16.0.30011.22
MinimumVisualStudioVersion = 10.0.40219.1
Project("{FAE04EC0-301F-11D3-BF4B-00C04F79EFBC}") = "BlazorStripe", "BlazorStripe\BlazorStripe.csproj", "{F19CF139-1F35-4BB8-BCDB-4CF65E5E2D1A}"
EndProject
Global
	GlobalSection(SolutionConfigurationPlatforms) = preSolution
		Debug|Any CPU = Debug|Any CPU
		Release|Any CPU = Release|Any CPU
	EndGlobalSection
	GlobalSection(ProjectConfigurationPlatforms) = postSolution
		{F19CF139-1F35-4BB8-BCDB-4CF65E5E2D1A}.Debug|Any CPU.ActiveCfg = Debug|Any CPU
		{F19CF139-1F35-4BB8-BCDB-4CF65E5E2D1A}.Debug|Any CPU.Build.0 = Debug|Any CPU
		{F19CF139-1F35-4BB8-BCDB-4CF65E5E2D1A}.Release|Any CPU.ActiveCfg = Release|Any CPU
		{F19CF139-1F35-4BB8-BCDB-4CF65E5E2D1A}.Release|Any CPU.Build.0 = Release|Any CPU
	EndGlobalSection
	GlobalSection(SolutionProperties) = preSolution
		HideSolutionNode = FALSE
	EndGlobalSection
	GlobalSection(ExtensibilityGlobals) = postSolution
		SolutionGuid = {A884A208-6B16-4BFD-9D6F-9D5B648962FA}
	EndGlobalSection
EndGlobal
